lockfileVersion: '9.0'

settings:
  autoInstallPeers: true
  excludeLinksFromLockfile: false

overrides:
  oracle: link:../oracle
  '@steipete/oracle': link:../oracle

importers:

  .:
    devDependencies:
      chrome-devtools-mcp:
        specifier: 1.2.0
        version: 1.2.0

packages:

  chrome-devtools-mcp@1.2.0:
    resolution: {integrity: sha512-xHd8hoLZQArDsYhu8OUHvKBIiihx1Co9DgAPHWaM4kzRf41TpZ0IuxKioIWTEGzFKpRqQzIxpFqydY4AKqP5sQ==}
    engines: {node: ^20.19.0 || ^22.12.0 || >=23}
    hasBin: true

snapshots:

  chrome-devtools-mcp@1.2.0: {}
